
Microsoft Visual Studio Solution File, Format Version 11.00
# Visual Studio 2010
Project("{FAE04EC0-301F-11D3-BF4B-00C04F79EFBC}") = "Assembly-CSharp", "Assembly-CSharp.csproj", "{D4CEAC15-DA2E-2D44-0194-55D105BA0D8E}"
EndProject
Global
	GlobalSection(SolutionConfigurationPlatforms) = preSolution
		Debug|Any CPU = Debug|Any CPU
		Release|Any CPU = Release|Any CPU
	EndGlobalSection
	GlobalSection(ProjectConfigurationPlatforms) = postSolution
		{D4CEAC15-DA2E-2D44-0194-55D105BA0D8E}.Debug|Any CPU.ActiveCfg = Debug|Any CPU
		{D4CEAC15-DA2E-2D44-0194-55D105BA0D8E}.Debug|Any CPU.Build.0 = Debug|Any CPU
		{D4CEAC15-DA2E-2D44-0194-55D105BA0D8E}.Release|Any CPU.ActiveCfg = Release|Any CPU
		{D4CEAC15-DA2E-2D44-0194-55D105BA0D8E}.Release|Any CPU.Build.0 = Release|Any CPU
	EndGlobalSection
	GlobalSection(SolutionProperties) = preSolution
		HideSolutionNode = FALSE
	EndGlobalSection
	GlobalSection(MonoDevelopProperties) = preSolution
		StartupItem = Assembly-CSharp.csproj
	EndGlobalSection
EndGlobal
